
Microsoft Visual Studio Solution File, Format Version 12.00
# Visual Studio Version 17
VisualStudioVersion = 17.3.32819.101
MinimumVisualStudioVersion = 10.0.40219.1
Project("{9A19103F-16F7-4668-BE54-9A1E7A4F7556}") = "Locatudo.Compartilhado", "Locatudo.Compartilhado\Locatudo.Compartilhado.csproj", "{C4B37604-A285-4780-B671-3690ED850BD0}"
EndProject
Project("{9A19103F-16F7-4668-BE54-9A1E7A4F7556}") = "Locatudo.Dominio", "Locatudo.Dominio\Locatudo.Dominio.csproj", "{1915DB29-87B1-4C86-B594-2A1CEDDB221C}"
EndProject
Project("{9A19103F-16F7-4668-BE54-9A1E7A4F7556}") = "Locatudo.Dominio.Testes", "Locatudo.Dominio.Testes\Locatudo.Dominio.Testes.csproj", "{D195ABAE-E688-46F2-B8A5-F711AE934099}"
EndProject
Global
	GlobalSection(SolutionConfigurationPlatforms) = preSolution
		Debug|Any CPU = Debug|Any CPU
		Release|Any CPU = Release|Any CPU
	EndGlobalSection
	GlobalSection(ProjectConfigurationPlatforms) = postSolution
		{C4B37604-A285-4780-B671-3690ED850BD0}.Debug|Any CPU.ActiveCfg = Debug|Any CPU
		{C4B37604-A285-4780-B671-3690ED850BD0}.Debug|Any CPU.Build.0 = Debug|Any CPU
		{C4B37604-A285-4780-B671-3690ED850BD0}.Release|Any CPU.ActiveCfg = Release|Any CPU
		{C4B37604-A285-4780-B671-3690ED850BD0}.Release|Any CPU.Build.0 = Release|Any CPU
		{1915DB29-87B1-4C86-B594-2A1CEDDB221C}.Debug|Any CPU.ActiveCfg = Debug|Any CPU
		{1915DB29-87B1-4C86-B594-2A1CEDDB221C}.Debug|Any CPU.Build.0 = Debug|Any CPU
		{1915DB29-87B1-4C86-B594-2A1CEDDB221C}.Release|Any CPU.ActiveCfg = Release|Any CPU
		{1915DB29-87B1-4C86-B594-2A1CEDDB221C}.Release|Any CPU.Build.0 = Release|Any CPU
		{D195ABAE-E688-46F2-B8A5-F711AE934099}.Debug|Any CPU.ActiveCfg = Debug|Any CPU
		{D195ABAE-E688-46F2-B8A5-F711AE934099}.Debug|Any CPU.Build.0 = Debug|Any CPU
		{D195ABAE-E688-46F2-B8A5-F711AE934099}.Release|Any CPU.ActiveCfg = Release|Any CPU
		{D195ABAE-E688-46F2-B8A5-F711AE934099}.Release|Any CPU.Build.0 = Release|Any CPU
	EndGlobalSection
	GlobalSection(SolutionProperties) = preSolution
		HideSolutionNode = FALSE
	EndGlobalSection
	GlobalSection(ExtensibilityGlobals) = postSolution
		SolutionGuid = {5231AB98-6CC4-4DAA-8E44-E60E59470539}
	EndGlobalSection
EndGlobal
